
Microsoft Visual Studio Solution File, Format Version 12.00
# Visual Studio Version 16
VisualStudioVersion = 16.0.810.25
MinimumVisualStudioVersion = 10.0.40219.1
Project("{FAE04EC0-301F-11D3-BF4B-00C04F79EFBC}") = "TweakScaleCompanion", "Source/TweakScaleCompanion/TweakScaleCompanion.csproj", "{F471D948-4893-4DDD-B618-EA35F9090BBC}"
EndProject
Global
	GlobalSection(SolutionConfigurationPlatforms) = preSolution
		Debug|Any CPU = Debug|Any CPU
		Release|Any CPU = Release|Any CPU
	EndGlobalSection
	GlobalSection(ProjectConfigurationPlatforms) = postSolution
		{F471D948-4893-4DDD-B618-EA35F9090BBC}.Debug|Any CPU.ActiveCfg = Debug|Any CPU
		{F471D948-4893-4DDD-B618-EA35F9090BBC}.Debug|Any CPU.Build.0 = Debug|Any CPU
		{F471D948-4893-4DDD-B618-EA35F9090BBC}.Release|Any CPU.ActiveCfg = Release|Any CPU
		{F471D948-4893-4DDD-B618-EA35F9090BBC}.Release|Any CPU.Build.0 = Release|Any CPU
	EndGlobalSection
	GlobalSection(SolutionProperties) = preSolution
		HideSolutionNode = FALSE
	EndGlobalSection
	GlobalSection(ExtensibilityGlobals) = postSolution
		SolutionGuid = {934546AD-0426-4B41-9E48-3B29235177B4}
	EndGlobalSection
EndGlobal
